// !$*UTF8*$!
{
	archiveVersion = 1;
	classes = {
	};
	objectVersion = 46;
	objects = {

/* Begin PBXBuildFile section */
		DF0DF30718D85828008C7E7F /* football.png in Resources */ = {isa = PBXBuildFile; fileRef = DF0DF30618D85828008C7E7F /* football.png */; };
		DF0DF30B18D87069008C7E7F /* Icon-120.png in Resources */ = {isa = PBXBuildFile; fileRef = DF0DF30818D87069008C7E7F /* Icon-120.png */; };
		DF0DF30C18D87069008C7E7F /* Icon@2x.png in Resources */ = {isa = PBXBuildFile; fileRef = DF0DF30918D87069008C7E7F /* Icon@2x.png */; };
		DF0DF30D18D87069008C7E7F /* icon.png in Resources */ = {isa = PBXBuildFile; fileRef = DF0DF30A18D87069008C7E7F /* icon.png */; };
		DFC0C5F818D77133004CFDD3 /* Foundation.framework in Frameworks */ = {isa = PBXBuildFile; fileRef = DFC0C5F718D77133004CFDD3 /* Foundation.framework */; };
		DFC0C5FA18D77133004CFDD3 /* CoreGraphics.framework in Frameworks */ = {isa = PBXBuildFile; fileRef = DFC0C5F918D77133004CFDD3 /* CoreGraphics.framework */; };
		DFC0C5FC18D77133004CFDD3 /* UIKit.framework in Frameworks */ = {isa = PBXBuildFile; fileRef = DFC0C5FB18D77133004CFDD3 /* UIKit.framework */; };
		DFC0C60218D77133004CFDD3 /* InfoPlist.strings in Resources */ = {isa = PBXBuildFile; fileRef = DFC0C60018D77133004CFDD3 /* InfoPlist.strings */; };
		DFC0C60418D77133004CFDD3 /* main.m in Sources */ = {isa = PBXBuildFile; fileRef = DFC0C60318D77133004CFDD3 /* main.m */; };
		DFC0C60818D77133004CFDD3 /* AMAppDelegate.m in Sources */ = {isa = PBXBuildFile; fileRef = DFC0C60718D77133004CFDD3 /* AMAppDelegate.m */; };
		DFC0C61018D77133004CFDD3 /* Images.xcassets in Resources */ = {isa = PBXBuildFile; fileRef = DFC0C60F18D77133004CFDD3 /* Images.xcassets */; };
		DFC0C61718D77133004CFDD3 /* XCTest.framework in Frameworks */ = {isa = PBXBuildFile; fileRef = DFC0C61618D77133004CFDD3 /* XCTest.framework */; };
		DFC0C61818D77133004CFDD3 /* Foundation.framework in Frameworks */ = {isa = PBXBuildFile; fileRef = DFC0C5F718D77133004CFDD3 /* Foundation.framework */; };
		DFC0C61918D77133004CFDD3 /* UIKit.framework in Frameworks */ = {isa = PBXBuildFile; fileRef = DFC0C5FB18D77133004CFDD3 /* UIKit.framework */; };
		DFC0C62118D77133004CFDD3 /* InfoPlist.strings in Resources */ = {isa = PBXBuildFile; fileRef = DFC0C61F18D77133004CFDD3 /* InfoPlist.strings */; };
		DFC0C62318D77133004CFDD3 /* NoseDetectionNoOpencvTests.m in Sources */ = {isa = PBXBuildFile; fileRef = DFC0C62218D77133004CFDD3 /* NoseDetectionNoOpencvTests.m */; };
		DFC0C63618D771A5004CFDD3 /* AMViewController.m in Sources */ = {isa = PBXBuildFile; fileRef = DFC0C63418D771A5004CFDD3 /* AMViewController.m */; };
		DFC0C63718D771A5004CFDD3 /* AMViewController[3.5].xib in Resources */ = {isa = PBXBuildFile; fileRef = DFC0C63518D771A5004CFDD3 /* AMViewController[3.5].xib */; };
		DFC0C64118D77473004CFDD3 /* gallery_icon@2x.png in Resources */ = {isa = PBXBuildFile; fileRef = DFC0C63D18D77473004CFDD3 /* gallery_icon@2x.png */; };
		DFC0C64218D77473004CFDD3 /* gallery_icon.png in Resources */ = {isa = PBXBuildFile; fileRef = DFC0C63E18D77473004CFDD3 /* gallery_icon.png */; };
		DFC0C64318D77473004CFDD3 /* camera_icon@2x.png in Resources */ = {isa = PBXBuildFile; fileRef = DFC0C63F18D77473004CFDD3 /* camera_icon@2x.png */; };
		DFC0C64418D77473004CFDD3 /* camera_icon.png in Resources */ = {isa = PBXBuildFile; fileRef = DFC0C64018D77473004CFDD3 /* camera_icon.png */; };
		DFC0C64618D77636004CFDD3 /* AMViewController[4].xib in Resources */ = {isa = PBXBuildFile; fileRef = DFC0C64518D77636004CFDD3 /* AMViewController[4].xib */; };
		DFC0C64A18D78901004CFDD3 /* ExtendedCIDetector.m in Sources */ = {isa = PBXBuildFile; fileRef = DFC0C64918D78901004CFDD3 /* ExtendedCIDetector.m */; };
		DFC0C64D18D78BF9004CFDD3 /* ExtendedCIFaceFeature.m in Sources */ = {isa = PBXBuildFile; fileRef = DFC0C64C18D78BF9004CFDD3 /* ExtendedCIFaceFeature.m */; };
		DFC0C65018D795B7004CFDD3 /* FeaturePainterHelper.m in Sources */ = {isa = PBXBuildFile; fileRef = DFC0C64F18D795B7004CFDD3 /* FeaturePainterHelper.m */; };
		DFC0C65318D7AEB6004CFDD3 /* Utils.m in Sources */ = {isa = PBXBuildFile; fileRef = DFC0C65218D7AEB6004CFDD3 /* Utils.m */; };
/* End PBXBuildFile section */

/* Begin PBXContainerItemProxy section */
		DFC0C61A18D77133004CFDD3 /* PBXContainerItemProxy */ = {
			isa = PBXContainerItemProxy;
			containerPortal = DFC0C5EC18D77133004CFDD3 /* Project object */;
			proxyType = 1;
			remoteGlobalIDString = DFC0C5F318D77133004CFDD3;
			remoteInfo = NoseDetectionNoOpencv;
		};
/* End PBXContainerItemProxy section */

/* Begin PBXFileReference section */
		DF0DF30618D85828008C7E7F /* football.png */ = {isa = PBXFileReference; lastKnownFileType = image.png; path = football.png; sourceTree = "<group>"; };
		DF0DF30818D87069008C7E7F /* Icon-120.png */ = {isa = PBXFileReference; lastKnownFileType = image.png; path = "Icon-120.png"; sourceTree = "<group>"; };
		DF0DF30918D87069008C7E7F /* Icon@2x.png */ = {isa = PBXFileReference; lastKnownFileType = image.png; path = "Icon@2x.png"; sourceTree = "<group>"; };
		DF0DF30A18D87069008C7E7F /* icon.png */ = {isa = PBXFileReference; lastKnownFileType = image.png; path = icon.png; sourceTree = "<group>"; };
		DFC0C5F418D77133004CFDD3 /* NoseDetectionNoOpencv.app */ = {isa = PBXFileReference; explicitFileType = wrapper.application; includeInIndex = 0; path = NoseDetectionNoOpencv.app; sourceTree = BUILT_PRODUCTS_DIR; };
		DFC0C5F718D77133004CFDD3 /* Foundation.framework */ = {isa = PBXFileReference; lastKnownFileType = wrapper.framework; name = Foundation.framework; path = System/Library/Frameworks/Foundation.framework; sourceTree = SDKROOT; };
		DFC0C5F918D77133004CFDD3 /* CoreGraphics.framework */ = {isa = PBXFileReference; lastKnownFileType = wrapper.framework; name = CoreGraphics.framework; path = System/Library/Frameworks/CoreGraphics.framework; sourceTree = SDKROOT; };
		DFC0C5FB18D77133004CFDD3 /* UIKit.framework */ = {isa = PBXFileReference; lastKnownFileType = wrapper.framework; name = UIKit.framework; path = System/Library/Frameworks/UIKit.framework; sourceTree = SDKROOT; };
		DFC0C5FF18D77133004CFDD3 /* NoseDetectionNoOpencv-Info.plist */ = {isa = PBXFileReference; lastKnownFileType = text.plist.xml; path = "NoseDetectionNoOpencv-Info.plist"; sourceTree = "<group>"; };
		DFC0C60118D77133004CFDD3 /* en */ = {isa = PBXFileReference; lastKnownFileType = text.plist.strings; name = en; path = en.lproj/InfoPlist.strings; sourceTree = "<group>"; };
		DFC0C60318D77133004CFDD3 /* main.m */ = {isa = PBXFileReference; lastKnownFileType = sourcecode.c.objc; path = main.m; sourceTree = "<group>"; };
		DFC0C60518D77133004CFDD3 /* NoseDetectionNoOpencv-Prefix.pch */ = {isa = PBXFileReference; lastKnownFileType = sourcecode.c.h; path = "NoseDetectionNoOpencv-Prefix.pch"; sourceTree = "<group>"; };
		DFC0C60618D77133004CFDD3 /* AMAppDelegate.h */ = {isa = PBXFileReference; lastKnownFileType = sourcecode.c.h; path = AMAppDelegate.h; sourceTree = "<group>"; };
		DFC0C60718D77133004CFDD3 /* AMAppDelegate.m */ = {isa = PBXFileReference; lastKnownFileType = sourcecode.c.objc; path = AMAppDelegate.m; sourceTree = "<group>"; };
		DFC0C60F18D77133004CFDD3 /* Images.xcassets */ = {isa = PBXFileReference; lastKnownFileType = folder.assetcatalog; path = Images.xcassets; sourceTree = "<group>"; };
		DFC0C61518D77133004CFDD3 /* NoseDetectionNoOpencvTests.xctest */ = {isa = PBXFileReference; explicitFileType = wrapper.cfbundle; includeInIndex = 0; path = NoseDetectionNoOpencvTests.xctest; sourceTree = BUILT_PRODUCTS_DIR; };
		DFC0C61618D77133004CFDD3 /* XCTest.framework */ = {isa = PBXFileReference; lastKnownFileType = wrapper.framework; name = XCTest.framework; path = Library/Frameworks/XCTest.framework; sourceTree = DEVELOPER_DIR; };
		DFC0C61E18D77133004CFDD3 /* NoseDetectionNoOpencvTests-Info.plist */ = {isa = PBXFileReference; lastKnownFileType = text.plist.xml; path = "NoseDetectionNoOpencvTests-Info.plist"; sourceTree = "<group>"; };
		DFC0C62018D77133004CFDD3 /* en */ = {isa = PBXFileReference; lastKnownFileType = text.plist.strings; name = en; path = en.lproj/InfoPlist.strings; sourceTree = "<group>"; };
		DFC0C62218D77133004CFDD3 /* NoseDetectionNoOpencvTests.m */ = {isa = PBXFileReference; lastKnownFileType = sourcecode.c.objc; path = NoseDetectionNoOpencvTests.m; sourceTree = "<group>"; };
		DFC0C63318D771A5004CFDD3 /* AMViewController.h */ = {isa = PBXFileReference; fileEncoding = 4; lastKnownFileType = sourcecode.c.h; path = AMViewController.h; sourceTree = "<group>"; };
		DFC0C63418D771A5004CFDD3 /* AMViewController.m */ = {isa = PBXFileReference; fileEncoding = 4; lastKnownFileType = sourcecode.c.objc; path = AMViewController.m; sourceTree = "<group>"; };
		DFC0C63518D771A5004CFDD3 /* AMViewController[3.5].xib */ = {isa = PBXFileReference; fileEncoding = 4; lastKnownFileType = file.xib; path = "AMViewController[3.5].xib"; sourceTree = "<group>"; };
		DFC0C63D18D77473004CFDD3 /* gallery_icon@2x.png */ = {isa = PBXFileReference; lastKnownFileType = image.png; path = "gallery_icon@2x.png"; sourceTree = "<group>"; };
		DFC0C63E18D77473004CFDD3 /* gallery_icon.png */ = {isa = PBXFileReference; lastKnownFileType = image.png; path = gallery_icon.png; sourceTree = "<group>"; };
		DFC0C63F18D77473004CFDD3 /* camera_icon@2x.png */ = {isa = PBXFileReference; lastKnownFileType = image.png; path = "camera_icon@2x.png"; sourceTree = "<group>"; };
		DFC0C64018D77473004CFDD3 /* camera_icon.png */ = {isa = PBXFileReference; lastKnownFileType = image.png; path = camera_icon.png; sourceTree = "<group>"; };
		DFC0C64518D77636004CFDD3 /* AMViewController[4].xib */ = {isa = PBXFileReference; fileEncoding = 4; lastKnownFileType = file.xib; path = "AMViewController[4].xib"; sourceTree = "<group>"; };
		DFC0C64818D78901004CFDD3 /* ExtendedCIDetector.h */ = {isa = PBXFileReference; fileEncoding = 4; lastKnownFileType = sourcecode.c.h; path = ExtendedCIDetector.h; sourceTree = "<group>"; };
		DFC0C64918D78901004CFDD3 /* ExtendedCIDetector.m */ = {isa = PBXFileReference; fileEncoding = 4; lastKnownFileType = sourcecode.c.objc; path = ExtendedCIDetector.m; sourceTree = "<group>"; };
		DFC0C64B18D78BF9004CFDD3 /* ExtendedCIFaceFeature.h */ = {isa = PBXFileReference; fileEncoding = 4; lastKnownFileType = sourcecode.c.h; path = ExtendedCIFaceFeature.h; sourceTree = "<group>"; };
		DFC0C64C18D78BF9004CFDD3 /* ExtendedCIFaceFeature.m */ = {isa = PBXFileReference; fileEncoding = 4; lastKnownFileType = sourcecode.c.objc; path = ExtendedCIFaceFeature.m; sourceTree = "<group>"; };
		DFC0C64E18D795B7004CFDD3 /* FeaturePainterHelper.h */ = {isa = PBXFileReference; fileEncoding = 4; lastKnownFileType = sourcecode.c.h; path = FeaturePainterHelper.h; sourceTree = "<group>"; };
		DFC0C64F18D795B7004CFDD3 /* FeaturePainterHelper.m */ = {isa = PBXFileReference; fileEncoding = 4; lastKnownFileType = sourcecode.c.objc; path = FeaturePainterHelper.m; sourceTree = "<group>"; };
		DFC0C65118D7AEB6004CFDD3 /* Utils.h */ = {isa = PBXFileReference; fileEncoding = 4; lastKnownFileType = sourcecode.c.h; path = Utils.h; sourceTree = "<group>"; };
		DFC0C65218D7AEB6004CFDD3 /* Utils.m */ = {isa = PBXFileReference; fileEncoding = 4; lastKnownFileType = sourcecode.c.objc; path = Utils.m; sourceTree = "<group>"; };
/* End PBXFileReference section */

/* Begin PBXFrameworksBuildPhase section */
		DFC0C5F118D77133004CFDD3 /* Frameworks */ = {
			isa = PBXFrameworksBuildPhase;
			buildActionMask = 2147483647;
			files = (
				DFC0C5FA18D77133004CFDD3 /* CoreGraphics.framework in Frameworks */,
				DFC0C5FC18D77133004CFDD3 /* UIKit.framework in Frameworks */,
				DFC0C5F818D77133004CFDD3 /* Foundation.framework in Frameworks */,
			);
			runOnlyForDeploymentPostprocessing = 0;
		};
		DFC0C61218D77133004CFDD3 /* Frameworks */ = {
			isa = PBXFrameworksBuildPhase;
			buildActionMask = 2147483647;
			files = (
				DFC0C61718D77133004CFDD3 /* XCTest.framework in Frameworks */,
				DFC0C61918D77133004CFDD3 /* UIKit.framework in Frameworks */,
				DFC0C61818D77133004CFDD3 /* Foundation.framework in Frameworks */,
			);
			runOnlyForDeploymentPostprocessing = 0;
		};
/* End PBXFrameworksBuildPhase section */

/* Begin PBXGroup section */
		DFC0C5EB18D77133004CFDD3 = {
			isa = PBXGroup;
			children = (
				DFC0C5FD18D77133004CFDD3 /* NoseDetectionNoOpencv */,
				DFC0C61C18D77133004CFDD3 /* NoseDetectionNoOpencvTests */,
				DFC0C5F618D77133004CFDD3 /* Frameworks */,
				DFC0C5F518D77133004CFDD3 /* Products */,
			);
			sourceTree = "<group>";
		};
		DFC0C5F518D77133004CFDD3 /* Products */ = {
			isa = PBXGroup;
			children = (
				DFC0C5F418D77133004CFDD3 /* NoseDetectionNoOpencv.app */,
				DFC0C61518D77133004CFDD3 /* NoseDetectionNoOpencvTests.xctest */,
			);
			name = Products;
			sourceTree = "<group>";
		};
		DFC0C5F618D77133004CFDD3 /* Frameworks */ = {
			isa = PBXGroup;
			children = (
				DFC0C5F718D77133004CFDD3 /* Foundation.framework */,
				DFC0C5F918D77133004CFDD3 /* CoreGraphics.framework */,
				DFC0C5FB18D77133004CFDD3 /* UIKit.framework */,
				DFC0C61618D77133004CFDD3 /* XCTest.framework */,
			);
			name = Frameworks;
			sourceTree = "<group>";
		};
		DFC0C5FD18D77133004CFDD3 /* NoseDetectionNoOpencv */ = {
			isa = PBXGroup;
			children = (
				DFC0C65118D7AEB6004CFDD3 /* Utils.h */,
				DFC0C65218D7AEB6004CFDD3 /* Utils.m */,
				DFC0C64718D78873004CFDD3 /* Extended Face Detection */,
				DFC0C63818D77271004CFDD3 /* Resources */,
				DFC0C62D18D77179004CFDD3 /* Views */,
				DFC0C62C18D77165004CFDD3 /* Controllers */,
				DFC0C60618D77133004CFDD3 /* AMAppDelegate.h */,
				DFC0C60718D77133004CFDD3 /* AMAppDelegate.m */,
				DFC0C60F18D77133004CFDD3 /* Images.xcassets */,
				DFC0C5FE18D77133004CFDD3 /* Supporting Files */,
			);
			path = NoseDetectionNoOpencv;
			sourceTree = "<group>";
		};
		DFC0C5FE18D77133004CFDD3 /* Supporting Files */ = {
			isa = PBXGroup;
			children = (
				DF0DF30818D87069008C7E7F /* Icon-120.png */,
				DF0DF30918D87069008C7E7F /* Icon@2x.png */,
				DF0DF30A18D87069008C7E7F /* icon.png */,
				DFC0C5FF18D77133004CFDD3 /* NoseDetectionNoOpencv-Info.plist */,
				DFC0C60018D77133004CFDD3 /* InfoPlist.strings */,
				DFC0C60318D77133004CFDD3 /* main.m */,
				DFC0C60518D77133004CFDD3 /* NoseDetectionNoOpencv-Prefix.pch */,
			);
			name = "Supporting Files";
			sourceTree = "<group>";
		};
		DFC0C61C18D77133004CFDD3 /* NoseDetectionNoOpencvTests */ = {
			isa = PBXGroup;
			children = (
				DFC0C62218D77133004CFDD3 /* NoseDetectionNoOpencvTests.m */,
				DFC0C61D18D77133004CFDD3 /* Supporting Files */,
			);
			path = NoseDetectionNoOpencvTests;
			sourceTree = "<group>";
		};
		DFC0C61D18D77133004CFDD3 /* Supporting Files */ = {
			isa = PBXGroup;
			children = (
				DFC0C61E18D77133004CFDD3 /* NoseDetectionNoOpencvTests-Info.plist */,
				DFC0C61F18D77133004CFDD3 /* InfoPlist.strings */,
			);
			name = "Supporting Files";
			sourceTree = "<group>";
		};
		DFC0C62C18D77165004CFDD3 /* Controllers */ = {
			isa = PBXGroup;
			children = (
				DFC0C63318D771A5004CFDD3 /* AMViewController.h */,
				DFC0C63418D771A5004CFDD3 /* AMViewController.m */,
				DFC0C64E18D795B7004CFDD3 /* FeaturePainterHelper.h */,
				DFC0C64F18D795B7004CFDD3 /* FeaturePainterHelper.m */,
			);
			name = Controllers;
			sourceTree = "<group>";
		};
		DFC0C62D18D77179004CFDD3 /* Views */ = {
			isa = PBXGroup;
			children = (
				DFC0C63518D771A5004CFDD3 /* AMViewController[3.5].xib */,
				DFC0C64518D77636004CFDD3 /* AMViewController[4].xib */,
			);
			name = Views;
			sourceTree = "<group>";
		};
		DFC0C63818D77271004CFDD3 /* Resources */ = {
			isa = PBXGroup;
			children = (
				DF0DF30618D85828008C7E7F /* football.png */,
				DFC0C63D18D77473004CFDD3 /* gallery_icon@2x.png */,
				DFC0C63E18D77473004CFDD3 /* gallery_icon.png */,
				DFC0C63F18D77473004CFDD3 /* camera_icon@2x.png */,
				DFC0C64018D77473004CFDD3 /* camera_icon.png */,
			);
			name = Resources;
			sourceTree = "<group>";
		};
		DFC0C64718D78873004CFDD3 /* Extended Face Detection */ = {
			isa = PBXGroup;
			children = (
				DFC0C64818D78901004CFDD3 /* ExtendedCIDetector.h */,
				DFC0C64918D78901004CFDD3 /* ExtendedCIDetector.m */,
				DFC0C64B18D78BF9004CFDD3 /* ExtendedCIFaceFeature.h */,
				DFC0C64C18D78BF9004CFDD3 /* ExtendedCIFaceFeature.m */,
			);
			name = "Extended Face Detection";
			sourceTree = "<group>";
		};
/* End PBXGroup section */

/* Begin PBXNativeTarget section */
		DFC0C5F318D77133004CFDD3 /* NoseDetectionNoOpencv */ = {
			isa = PBXNativeTarget;
			buildConfigurationList = DFC0C62618D77133004CFDD3 /* Build configuration list for PBXNativeTarget "NoseDetectionNoOpencv" */;
			buildPhases = (
				DFC0C5F018D77133004CFDD3 /* Sources */,
				DFC0C5F118D77133004CFDD3 /* Frameworks */,
				DFC0C5F218D77133004CFDD3 /* Resources */,
			);
			buildRules = (
			);
			dependencies = (
			);
			name = NoseDetectionNoOpencv;
			productName = NoseDetectionNoOpencv;
			productReference = DFC0C5F418D77133004CFDD3 /* NoseDetectionNoOpencv.app */;
			productType = "com.apple.product-type.application";
		};
		DFC0C61418D77133004CFDD3 /* NoseDetectionNoOpencvTests */ = {
			isa = PBXNativeTarget;
			buildConfigurationList = DFC0C62918D77133004CFDD3 /* Build configuration list for PBXNativeTarget "NoseDetectionNoOpencvTests" */;
			buildPhases = (
				DFC0C61118D77133004CFDD3 /* Sources */,
				DFC0C61218D77133004CFDD3 /* Frameworks */,
				DFC0C61318D77133004CFDD3 /* Resources */,
			);
			buildRules = (
			);
			dependencies = (
				DFC0C61B18D77133004CFDD3 /* PBXTargetDependency */,
			);
			name = NoseDetectionNoOpencvTests;
			productName = NoseDetectionNoOpencvTests;
			productReference = DFC0C61518D77133004CFDD3 /* NoseDetectionNoOpencvTests.xctest */;
			productType = "com.apple.product-type.bundle.unit-test";
		};
/* End PBXNativeTarget section */

/* Begin PBXProject section */
		DFC0C5EC18D77133004CFDD3 /* Project object */ = {
			isa = PBXProject;
			attributes = {
				CLASSPREFIX = AM;
				LastUpgradeCheck = 0500;
				ORGANIZATIONNAME = Alon;
				TargetAttributes = {
					DFC0C61418D77133004CFDD3 = {
						TestTargetID = DFC0C5F318D77133004CFDD3;
					};
				};
			};
			buildConfigurationList = DFC0C5EF18D77133004CFDD3 /* Build configuration list for PBXProject "NoseDetectionNoOpencv" */;
			compatibilityVersion = "Xcode 3.2";
			developmentRegion = English;
			hasScannedForEncodings = 0;
			knownRegions = (
				en,
				Base,
			);
			mainGroup = DFC0C5EB18D77133004CFDD3;
			productRefGroup = DFC0C5F518D77133004CFDD3 /* Products */;
			projectDirPath = "";
			projectRoot = "";
			targets = (
				DFC0C5F318D77133004CFDD3 /* NoseDetectionNoOpencv */,
				DFC0C61418D77133004CFDD3 /* NoseDetectionNoOpencvTests */,
			);
		};
/* End PBXProject section */

/* Begin PBXResourcesBuildPhase section */
		DFC0C5F218D77133004CFDD3 /* Resources */ = {
			isa = PBXResourcesBuildPhase;
			buildActionMask = 2147483647;
			files = (
				DFC0C64118D77473004CFDD3 /* gallery_icon@2x.png in Resources */,
				DFC0C64618D77636004CFDD3 /* AMViewController[4].xib in Resources */,
				DFC0C64418D77473004CFDD3 /* camera_icon.png in Resources */,
				DFC0C61018D77133004CFDD3 /* Images.xcassets in Resources */,
				DFC0C64318D77473004CFDD3 /* camera_icon@2x.png in Resources */,
				DF0DF30C18D87069008C7E7F /* Icon@2x.png in Resources */,
				DFC0C64218D77473004CFDD3 /* gallery_icon.png in Resources */,
				DFC0C63718D771A5004CFDD3 /* AMViewController[3.5].xib in Resources */,
				DF0DF30D18D87069008C7E7F /* icon.png in Resources */,
				DF0DF30718D85828008C7E7F /* football.png in Resources */,
				DF0DF30B18D87069008C7E7F /* Icon-120.png in Resources */,
				DFC0C60218D77133004CFDD3 /* InfoPlist.strings in Resources */,
			);
			runOnlyForDeploymentPostprocessing = 0;
		};
		DFC0C61318D77133004CFDD3 /* Resources */ = {
			isa = PBXResourcesBuildPhase;
			buildActionMask = 2147483647;
			files = (
				DFC0C62118D77133004CFDD3 /* InfoPlist.strings in Resources */,
			);
			runOnlyForDeploymentPostprocessing = 0;
		};
/* End PBXResourcesBuildPhase section */

/* Begin PBXSourcesBuildPhase section */
		DFC0C5F018D77133004CFDD3 /* Sources */ = {
			isa = PBXSourcesBuildPhase;
			buildActionMask = 2147483647;
			files = (
				DFC0C60818D77133004CFDD3 /* AMAppDelegate.m in Sources */,
				DFC0C63618D771A5004CFDD3 /* AMViewController.m in Sources */,
				DFC0C65018D795B7004CFDD3 /* FeaturePainterHelper.m in Sources */,
				DFC0C64D18D78BF9004CFDD3 /* ExtendedCIFaceFeature.m in Sources */,
				DFC0C64A18D78901004CFDD3 /* ExtendedCIDetector.m in Sources */,
				DFC0C65318D7AEB6004CFDD3 /* Utils.m in Sources */,
				DFC0C60418D77133004CFDD3 /* main.m in Sources */,
			);
			runOnlyForDeploymentPostprocessing = 0;
		};
		DFC0C61118D77133004CFDD3 /* Sources */ = {
			isa = PBXSourcesBuildPhase;
			buildActionMask = 2147483647;
			files = (
				DFC0C62318D77133004CFDD3 /* NoseDetectionNoOpencvTests.m in Sources */,
			);
			runOnlyForDeploymentPostprocessing = 0;
		};
/* End PBXSourcesBuildPhase section */

/* Begin PBXTargetDependency section */
		DFC0C61B18D77133004CFDD3 /* PBXTargetDependency */ = {
			isa = PBXTargetDependency;
			target = DFC0C5F318D77133004CFDD3 /* NoseDetectionNoOpencv */;
			targetProxy = DFC0C61A18D77133004CFDD3 /* PBXContainerItemProxy */;
		};
/* End PBXTargetDependency section */

/* Begin PBXVariantGroup section */
		DFC0C60018D77133004CFDD3 /* InfoPlist.strings */ = {
			isa = PBXVariantGroup;
			children = (
				DFC0C60118D77133004CFDD3 /* en */,
			);
			name = InfoPlist.strings;
			sourceTree = "<group>";
		};
		DFC0C61F18D77133004CFDD3 /* InfoPlist.strings */ = {
			isa = PBXVariantGroup;
			children = (
				DFC0C62018D77133004CFDD3 /* en */,
			);
			name = InfoPlist.strings;
			sourceTree = "<group>";
		};
/* End PBXVariantGroup section */

/* Begin XCBuildConfiguration section */
		DFC0C62418D77133004CFDD3 /* Debug */ = {
			isa = XCBuildConfiguration;
			buildSettings = {
				ALWAYS_SEARCH_USER_PATHS = NO;
				ARCHS = "$(ARCHS_STANDARD_INCLUDING_64_BIT)";
				CLANG_CXX_LANGUAGE_STANDARD = "gnu++0x";
				CLANG_CXX_LIBRARY = "libc++";
				CLANG_ENABLE_MODULES = YES;
				CLANG_ENABLE_OBJC_ARC = YES;
				CLANG_WARN_BOOL_CONVERSION = YES;
				CLANG_WARN_CONSTANT_CONVERSION = YES;
				CLANG_WARN_DIRECT_OBJC_ISA_USAGE = YES_ERROR;
				CLANG_WARN_EMPTY_BODY = YES;
				CLANG_WARN_ENUM_CONVERSION = YES;
				CLANG_WARN_INT_CONVERSION = YES;
				CLANG_WARN_OBJC_ROOT_CLASS = YES_ERROR;
				CLANG_WARN__DUPLICATE_METHOD_MATCH = YES;
				"CODE_SIGN_IDENTITY[sdk=iphoneos*]" = "iPhone Developer";
				COPY_PHASE_STRIP = NO;
				GCC_C_LANGUAGE_STANDARD = gnu99;
				GCC_DYNAMIC_NO_PIC = NO;
				GCC_OPTIMIZATION_LEVEL = 0;
				GCC_PREPROCESSOR_DEFINITIONS = (
					"DEBUG=1",
					"$(inherited)",
				);
				GCC_SYMBOLS_PRIVATE_EXTERN = NO;
				GCC_WARN_64_TO_32_BIT_CONVERSION = YES;
				GCC_WARN_ABOUT_RETURN_TYPE = YES_ERROR;
				GCC_WARN_UNDECLARED_SELECTOR = YES;
				GCC_WARN_UNINITIALIZED_AUTOS = YES;
				GCC_WARN_UNUSED_FUNCTION = YES;
				GCC_WARN_UNUSED_VARIABLE = YES;
				IPHONEOS_DEPLOYMENT_TARGET = 7.0;
				ONLY_ACTIVE_ARCH = YES;
				SDKROOT = iphoneos;
			};
			name = Debug;
		};
		DFC0C62518D77133004CFDD3 /* Release */ = {
			isa = XCBuildConfiguration;
			buildSettings = {
				ALWAYS_SEARCH_USER_PATHS = NO;
				ARCHS = "$(ARCHS_STANDARD_INCLUDING_64_BIT)";
				CLANG_CXX_LANGUAGE_STANDARD = "gnu++0x";
				CLANG_CXX_LIBRARY = "libc++";
				CLANG_ENABLE_MODULES = YES;
				CLANG_ENABLE_OBJC_ARC = YES;
				CLANG_WARN_BOOL_CONVERSION = YES;
				CLANG_WARN_CONSTANT_CONVERSION = YES;
				CLANG_WARN_DIRECT_OBJC_ISA_USAGE = YES_ERROR;
				CLANG_WARN_EMPTY_BODY = YES;
				CLANG_WARN_ENUM_CONVERSION = YES;
				CLANG_WARN_INT_CONVERSION = YES;
				CLANG_WARN_OBJC_ROOT_CLASS = YES_ERROR;
				CLANG_WARN__DUPLICATE_METHOD_MATCH = YES;
				"CODE_SIGN_IDENTITY[sdk=iphoneos*]" = "iPhone Developer";
				COPY_PHASE_STRIP = YES;
				ENABLE_NS_ASSERTIONS = NO;
				GCC_C_LANGUAGE_STANDARD = gnu99;
				GCC_WARN_64_TO_32_BIT_CONVERSION = YES;
				GCC_WARN_ABOUT_RETURN_TYPE = YES_ERROR;
				GCC_WARN_UNDECLARED_SELECTOR = YES;
				GCC_WARN_UNINITIALIZED_AUTOS = YES;
				GCC_WARN_UNUSED_FUNCTION = YES;
				GCC_WARN_UNUSED_VARIABLE = YES;
				IPHONEOS_DEPLOYMENT_TARGET = 7.0;
				SDKROOT = iphoneos;
				VALIDATE_PRODUCT = YES;
			};
			name = Release;
		};
		DFC0C62718D77133004CFDD3 /* Debug */ = {
			isa = XCBuildConfiguration;
			buildSettings = {
				ASSETCATALOG_COMPILER_APPICON_NAME = AppIcon;
				ASSETCATALOG_COMPILER_LAUNCHIMAGE_NAME = LaunchImage;
				GCC_PRECOMPILE_PREFIX_HEADER = YES;
				GCC_PREFIX_HEADER = "NoseDetectionNoOpencv/NoseDetectionNoOpencv-Prefix.pch";
				INFOPLIST_FILE = "NoseDetectionNoOpencv/NoseDetectionNoOpencv-Info.plist";
				PRODUCT_NAME = "$(TARGET_NAME)";
				WRAPPER_EXTENSION = app;
			};
			name = Debug;
		};
		DFC0C62818D77133004CFDD3 /* Release */ = {
			isa = XCBuildConfiguration;
			buildSettings = {
				ASSETCATALOG_COMPILER_APPICON_NAME = AppIcon;
				ASSETCATALOG_COMPILER_LAUNCHIMAGE_NAME = LaunchImage;
				GCC_PRECOMPILE_PREFIX_HEADER = YES;
				GCC_PREFIX_HEADER = "NoseDetectionNoOpencv/NoseDetectionNoOpencv-Prefix.pch";
				INFOPLIST_FILE = "NoseDetectionNoOpencv/NoseDetectionNoOpencv-Info.plist";
				PRODUCT_NAME = "$(TARGET_NAME)";
				WRAPPER_EXTENSION = app;
			};
			name = Release;
		};
		DFC0C62A18D77133004CFDD3 /* Debug */ = {
			isa = XCBuildConfiguration;
			buildSettings = {
				ARCHS = "$(ARCHS_STANDARD_INCLUDING_64_BIT)";
				BUNDLE_LOADER = "$(BUILT_PRODUCTS_DIR)/NoseDetectionNoOpencv.app/NoseDetectionNoOpencv";
				FRAMEWORK_SEARCH_PATHS = (
					"$(SDKROOT)/Developer/Library/Frameworks",
					"$(inherited)",
					"$(DEVELOPER_FRAMEWORKS_DIR)",
				);
				GCC_PRECOMPILE_PREFIX_HEADER = YES;
				GCC_PREFIX_HEADER = "NoseDetectionNoOpencv/NoseDetectionNoOpencv-Prefix.pch";
				GCC_PREPROCESSOR_DEFINITIONS = (
					"DEBUG=1",
					"$(inherited)",
				);
				INFOPLIST_FILE = "NoseDetectionNoOpencvTests/NoseDetectionNoOpencvTests-Info.plist";
				PRODUCT_NAME = "$(TARGET_NAME)";
				TEST_HOST = "$(BUNDLE_LOADER)";
				WRAPPER_EXTENSION = xctest;
			};
			name = Debug;
		};
		DFC0C62B18D77133004CFDD3 /* Release */ = {
			isa = XCBuildConfiguration;
			buildSettings = {
				ARCHS = "$(ARCHS_STANDARD_INCLUDING_64_BIT)";
				BUNDLE_LOADER = "$(BUILT_PRODUCTS_DIR)/NoseDetectionNoOpencv.app/NoseDetectionNoOpencv";
				FRAMEWORK_SEARCH_PATHS = (
					"$(SDKROOT)/Developer/Library/Frameworks",
					"$(inherited)",
					"$(DEVELOPER_FRAMEWORKS_DIR)",
				);
				GCC_PRECOMPILE_PREFIX_HEADER = YES;
				GCC_PREFIX_HEADER = "NoseDetectionNoOpencv/NoseDetectionNoOpencv-Prefix.pch";
				INFOPLIST_FILE = "NoseDetectionNoOpencvTests/NoseDetectionNoOpencvTests-Info.plist";
				PRODUCT_NAME = "$(TARGET_NAME)";
				TEST_HOST = "$(BUNDLE_LOADER)";
				WRAPPER_EXTENSION = xctest;
			};
			name = Release;
		};
/* End XCBuildConfiguration section */

/* Begin XCConfigurationList section */
		DFC0C5EF18D77133004CFDD3 /* Build configuration list for PBXProject "NoseDetectionNoOpencv" */ = {
			isa = XCConfigurationList;
			buildConfigurations = (
				DFC0C62418D77133004CFDD3 /* Debug */,
				DFC0C62518D77133004CFDD3 /* Release */,
			);
			defaultConfigurationIsVisible = 0;
			defaultConfigurationName = Release;
		};
		DFC0C62618D77133004CFDD3 /* Build configuration list for PBXNativeTarget "NoseDetectionNoOpencv" */ = {
			isa = XCConfigurationList;
			buildConfigurations = (
				DFC0C62718D77133004CFDD3 /* Debug */,
				DFC0C62818D77133004CFDD3 /* Release */,
			);
			defaultConfigurationIsVisible = 0;
			defaultConfigurationName = Release;
		};
		DFC0C62918D77133004CFDD3 /* Build configuration list for PBXNativeTarget "NoseDetectionNoOpencvTests" */ = {
			isa = XCConfigurationList;
			buildConfigurations = (
				DFC0C62A18D77133004CFDD3 /* Debug */,
				DFC0C62B18D77133004CFDD3 /* Release */,
			);
			defaultConfigurationIsVisible = 0;
			defaultConfigurationName = Release;
		};
/* End XCConfigurationList section */
	};
	rootObject = DFC0C5EC18D77133004CFDD3 /* Project object */;
}
